
Microsoft Visual Studio Solution File, Format Version 12.00
# Visual Studio Version 16
VisualStudioVersion = 16.0.31112.23
MinimumVisualStudioVersion = 10.0.40219.1
Project("{8BC9CEB8-8B4A-11D0-8D11-00A0C91BC942}") = "INJECTOR", "INJECTOR\INJECTOR.vcxproj", "{2A01449F-174A-43AE-AB84-8F0F32A1E08A}"
EndProject
Project("{8BC9CEB8-8B4A-11D0-8D11-00A0C91BC942}") = "DETOURS_DLL", "DETOURS_DLL\DETOURS_DLL.vcxproj", "{A6A94BD9-C421-4142-B1D8-EFFBEDC8F105}"
EndProject
Global
	GlobalSection(SolutionConfigurationPlatforms) = preSolution
		Debug|x64 = Debug|x64
		Debug|x86 = Debug|x86
		Release|x64 = Release|x64
		Release|x86 = Release|x86
	EndGlobalSection
	GlobalSection(ProjectConfigurationPlatforms) = postSolution
		{2A01449F-174A-43AE-AB84-8F0F32A1E08A}.Debug|x64.ActiveCfg = Debug|x64
		{2A01449F-174A-43AE-AB84-8F0F32A1E08A}.Debug|x64.Build.0 = Debug|x64
		{2A01449F-174A-43AE-AB84-8F0F32A1E08A}.Debug|x86.ActiveCfg = Debug|Win32
		{2A01449F-174A-43AE-AB84-8F0F32A1E08A}.Debug|x86.Build.0 = Debug|Win32
		{2A01449F-174A-43AE-AB84-8F0F32A1E08A}.Release|x64.ActiveCfg = Release|x64
		{2A01449F-174A-43AE-AB84-8F0F32A1E08A}.Release|x64.Build.0 = Release|x64
		{2A01449F-174A-43AE-AB84-8F0F32A1E08A}.Release|x86.ActiveCfg = Release|Win32
		{2A01449F-174A-43AE-AB84-8F0F32A1E08A}.Release|x86.Build.0 = Release|Win32
		{A6A94BD9-C421-4142-B1D8-EFFBEDC8F105}.Debug|x64.ActiveCfg = Debug|x64
		{A6A94BD9-C421-4142-B1D8-EFFBEDC8F105}.Debug|x64.Build.0 = Debug|x64
		{A6A94BD9-C421-4142-B1D8-EFFBEDC8F105}.Debug|x86.ActiveCfg = Debug|Win32
		{A6A94BD9-C421-4142-B1D8-EFFBEDC8F105}.Debug|x86.Build.0 = Debug|Win32
		{A6A94BD9-C421-4142-B1D8-EFFBEDC8F105}.Release|x64.ActiveCfg = Release|x64
		{A6A94BD9-C421-4142-B1D8-EFFBEDC8F105}.Release|x64.Build.0 = Release|x64
		{A6A94BD9-C421-4142-B1D8-EFFBEDC8F105}.Release|x86.ActiveCfg = Release|Win32
		{A6A94BD9-C421-4142-B1D8-EFFBEDC8F105}.Release|x86.Build.0 = Release|Win32
	EndGlobalSection
	GlobalSection(SolutionProperties) = preSolution
		HideSolutionNode = FALSE
	EndGlobalSection
	GlobalSection(ExtensibilityGlobals) = postSolution
		SolutionGuid = {B1AAFCBB-5541-48D5-9722-BD9736AC3BEE}
	EndGlobalSection
EndGlobal
